# This file is autogenerated, do not edit; changes may be undone by the next 'dep ensure'.


[[projects]]
  branch = "master"
  name = "github.com/corpix/uarand"
  packages = ["."]
  revision = "2b8494104d86337cdd41d0a49cbed8e4583c0ab4"

[[projects]]
  branch = "master"
  name = "github.com/icrowley/fake"
  packages = ["."]
  revision = "4178557ae428460c3780a381c824a1f3aceb6325"

[[projects]]
  branch = "master"
  name = "github.com/influx6/faux"
  packages = [
    "metrics",
    "tests",
    "types/actions",
    "types/events"
  ]
  revision = "6662a2ca657cbb52eac3fb49b0ec2ea7de2613d5"

[[projects]]
  branch = "master"
  name = "github.com/influx6/gobuild"
  packages = [
    "build",
    "srcpath"
  ]
  revision = "89554433a01feba51a66429bb660849391c172f3"

[solve-meta]
  analyzer-name = "dep"
  analyzer-version = 1
  inputs-digest = "9bb69b733b50829f5c1bce8ed9e9813bd4eacbf6b5e9ac4b9cb6282a4b318b8a"
  solver-name = "gps-cdcl"
  solver-version = 1
